
Microsoft Visual Studio Solution File, Format Version 12.00
# Visual Studio Version 17
VisualStudioVersion = 17.6.33815.320
MinimumVisualStudioVersion = 10.0.40219.1
Project("{9A19103F-16F7-4668-BE54-9A1E7A4F7556}") = "ChatAppBackend", "ChatAppBackend\ChatAppBackend.csproj", "{F4B9F2BB-E19C-4955-946D-3F0CA0788B99}"
EndProject
Project("{9A19103F-16F7-4668-BE54-9A1E7A4F7556}") = "Api.DataAccess", "Api.DataAccess\Api.DataAccess.csproj", "{D2509E85-1E5D-41C8-898E-C549D588F9E2}"
EndProject
Project("{9A19103F-16F7-4668-BE54-9A1E7A4F7556}") = "Api.Models", "Api.Models\Api.Models.csproj", "{86664841-EA6C-468B-ABD9-76931939D474}"
EndProject
Global
	GlobalSection(SolutionConfigurationPlatforms) = preSolution
		Debug|Any CPU = Debug|Any CPU
		Release|Any CPU = Release|Any CPU
	EndGlobalSection
	GlobalSection(ProjectConfigurationPlatforms) = postSolution
		{F4B9F2BB-E19C-4955-946D-3F0CA0788B99}.Debug|Any CPU.ActiveCfg = Debug|Any CPU
		{F4B9F2BB-E19C-4955-946D-3F0CA0788B99}.Debug|Any CPU.Build.0 = Debug|Any CPU
		{F4B9F2BB-E19C-4955-946D-3F0CA0788B99}.Release|Any CPU.ActiveCfg = Release|Any CPU
		{F4B9F2BB-E19C-4955-946D-3F0CA0788B99}.Release|Any CPU.Build.0 = Release|Any CPU
		{D2509E85-1E5D-41C8-898E-C549D588F9E2}.Debug|Any CPU.ActiveCfg = Debug|Any CPU
		{D2509E85-1E5D-41C8-898E-C549D588F9E2}.Debug|Any CPU.Build.0 = Debug|Any CPU
		{D2509E85-1E5D-41C8-898E-C549D588F9E2}.Release|Any CPU.ActiveCfg = Release|Any CPU
		{D2509E85-1E5D-41C8-898E-C549D588F9E2}.Release|Any CPU.Build.0 = Release|Any CPU
		{86664841-EA6C-468B-ABD9-76931939D474}.Debug|Any CPU.ActiveCfg = Debug|Any CPU
		{86664841-EA6C-468B-ABD9-76931939D474}.Debug|Any CPU.Build.0 = Debug|Any CPU
		{86664841-EA6C-468B-ABD9-76931939D474}.Release|Any CPU.ActiveCfg = Release|Any CPU
		{86664841-EA6C-468B-ABD9-76931939D474}.Release|Any CPU.Build.0 = Release|Any CPU
	EndGlobalSection
	GlobalSection(SolutionProperties) = preSolution
		HideSolutionNode = FALSE
	EndGlobalSection
	GlobalSection(ExtensibilityGlobals) = postSolution
		SolutionGuid = {AAB99666-9E39-447F-AF80-A3BB2A148DB7}
	EndGlobalSection
EndGlobal
